
Microsoft Visual Studio Solution File, Format Version 12.00
# Visual Studio Version 16
VisualStudioVersion = 16.0.30804.86
MinimumVisualStudioVersion = 10.0.40219.1
Project("{FAE04EC0-301F-11D3-BF4B-00C04F79EFBC}") = "DataStructuresProject", "DataStructuresProject.csproj", "{82FF0934-BC2E-4688-B800-26F07BD5D9C0}"
EndProject
Project("{9A19103F-16F7-4668-BE54-9A1E7A4F7556}") = "BL_DS", "..\BL_DS\BL_DS.csproj", "{72779053-485B-4F56-932C-1CE4E68E1479}"
EndProject
Project("{9A19103F-16F7-4668-BE54-9A1E7A4F7556}") = "Models_DS", "..\Models_DS\Models_DS.csproj", "{419436FA-528B-4C4A-97F8-6AD7F2D08BBB}"
EndProject
Global
	GlobalSection(SolutionConfigurationPlatforms) = preSolution
		Debug|Any CPU = Debug|Any CPU
		Release|Any CPU = Release|Any CPU
	EndGlobalSection
	GlobalSection(ProjectConfigurationPlatforms) = postSolution
		{82FF0934-BC2E-4688-B800-26F07BD5D9C0}.Debug|Any CPU.ActiveCfg = Debug|Any CPU
		{82FF0934-BC2E-4688-B800-26F07BD5D9C0}.Debug|Any CPU.Build.0 = Debug|Any CPU
		{82FF0934-BC2E-4688-B800-26F07BD5D9C0}.Release|Any CPU.ActiveCfg = Release|Any CPU
		{82FF0934-BC2E-4688-B800-26F07BD5D9C0}.Release|Any CPU.Build.0 = Release|Any CPU
		{72779053-485B-4F56-932C-1CE4E68E1479}.Debug|Any CPU.ActiveCfg = Debug|Any CPU
		{72779053-485B-4F56-932C-1CE4E68E1479}.Debug|Any CPU.Build.0 = Debug|Any CPU
		{72779053-485B-4F56-932C-1CE4E68E1479}.Release|Any CPU.ActiveCfg = Release|Any CPU
		{72779053-485B-4F56-932C-1CE4E68E1479}.Release|Any CPU.Build.0 = Release|Any CPU
		{419436FA-528B-4C4A-97F8-6AD7F2D08BBB}.Debug|Any CPU.ActiveCfg = Debug|Any CPU
		{419436FA-528B-4C4A-97F8-6AD7F2D08BBB}.Debug|Any CPU.Build.0 = Debug|Any CPU
		{419436FA-528B-4C4A-97F8-6AD7F2D08BBB}.Release|Any CPU.ActiveCfg = Release|Any CPU
		{419436FA-528B-4C4A-97F8-6AD7F2D08BBB}.Release|Any CPU.Build.0 = Release|Any CPU
	EndGlobalSection
	GlobalSection(SolutionProperties) = preSolution
		HideSolutionNode = FALSE
	EndGlobalSection
	GlobalSection(ExtensibilityGlobals) = postSolution
		SolutionGuid = {1DA75BEC-84F4-4915-9B5C-4B754F628482}
	EndGlobalSection
EndGlobal
